{
  "pins" : [
    {
      "identity" : "javascriptkit",
      "kind" : "remoteSourceControl",
      "location" : "https://github.com/Grubl0rd/JavaScriptKit.git",
      "state" : {
        "branch" : "main",
        "revision" : "8e79a170d7c394cc539a87f64186f56def25ddce"
      }
    },
    {
      "identity" : "opencombine",
      "kind" : "remoteSourceControl",
      "location" : "https://github.com/OpenCombine/OpenCombine.git",
      "state" : {
        "branch" : "master",
        "revision" : "1c6f02c7ed8140c0ba7a783aaddb6e0685a0037b"
      }
    },
    {
      "identity" : "opencombinejs",
      "kind" : "remoteSourceControl",
      "location" : "https://github.com/Grubl0rd/OpenCombineJS.git",
      "state" : {
        "branch" : "main",
        "revision" : "f7f6e2aeee2ffb88128d18a5531f9534c85140c5"
      }
    },
    {
      "identity" : "swift-argument-parser",
      "kind" : "remoteSourceControl",
      "location" : "https://github.com/apple/swift-argument-parser",
      "state" : {
        "revision" : "f3c9084a71ef4376f2fabbdf1d3d90a49f1fabdb",
        "version" : "1.1.2"
      }
    },
    {
      "identity" : "swift-benchmark",
      "kind" : "remoteSourceControl",
      "location" : "https://github.com/google/swift-benchmark",
      "state" : {
        "revision" : "8163295f6fe82356b0bcf8e1ab991645de17d096",
        "version" : "0.1.2"
      }
    },
    {
      "identity" : "swift-snapshot-testing",
      "kind" : "remoteSourceControl",
      "location" : "https://github.com/pointfreeco/swift-snapshot-testing.git",
      "state" : {
        "revision" : "8e68404f641300bfd0e37d478683bb275926760c",
        "version" : "1.15.2"
      }
    },
    {
      "identity" : "swift-syntax",
      "kind" : "remoteSourceControl",
      "location" : "https://github.com/apple/swift-syntax.git",
      "state" : {
        "revision" : "43c802fb7f96e090dde015344a94b5e85779eff1",
        "version" : "509.1.0"
      }
    }
  ],
  "version" : 2
}
